{
  "meteor": {
    "git": "https://github.com/meteor/meteor.git",
    "branch": "master",
    "commit": "bfe4b72ebec4367eaddcdf0887fcf5e649d9dcb8"
  },
  "dependencies": {
    "basePackages": {
      "audio-click": {
        "git": "https://github.com/awatson1978/audio-click.git",
        "branch": "master"
      },
      "fonts-barcode": {
        "git": "https://github.com/awatson1978/fonts-barcode.git",
        "branch": "master"
      },
      "fonts-handwritten": {
        "git": "https://github.com/awatson1978/fonts-handwritten.git",
        "branch": "master"
      },
      "fonts-helveticas": {
        "git": "https://github.com/awatson1978/fonts-helveticas.git",
        "branch": "master"
      },
      "fonts-pictographs": {
        "git": "https://github.com/awatson1978/fonts-pictographs.git",
        "branch": "master"
      },
      "hipaa-audit-log": {
        "git": "https://github.com/awatson1978/hipaa-audit-log.git",
        "branch": "master"
      },
      "reactive-overlays": {
        "git": "https://github.com/awatson1978/reactive-overlays.git",
        "branch": "master"
      },
      "accounts-famous-dead-people": {
        "git": "https://github.com/awatson1978/accounts-famous-dead-people.git",
        "branch": "master"
      }
    },
    "packages": {
      "audio-click": {
        "git": "https://github.com/awatson1978/audio-click.git",
        "branch": "master",
        "commit": "9686fd33bc959eb215f8c7df7c12f3edcad98399"
      },
      "fonts-barcode": {
        "git": "https://github.com/awatson1978/fonts-barcode.git",
        "branch": "master",
        "commit": "7e67fb78e4c644e7bb7a2879309f8d7311f283db"
      },
      "fonts-handwritten": {
        "git": "https://github.com/awatson1978/fonts-handwritten.git",
        "branch": "master",
        "commit": "8f37bb36c1524b5638aedc191f6a6d003ecd93c7"
      },
      "fonts-helveticas": {
        "git": "https://github.com/awatson1978/fonts-helveticas.git",
        "branch": "master",
        "commit": "f8a2a09a32e4c69b016ecfd351de9ad9873c8220"
      },
      "fonts-pictographs": {
        "git": "https://github.com/awatson1978/fonts-pictographs.git",
        "branch": "master",
        "commit": "cb97a9a2728349ef866abaf4c416314ce45fcd87"
      },
      "hipaa-audit-log": {
        "git": "https://github.com/awatson1978/hipaa-audit-log.git",
        "branch": "master",
        "commit": "7dbeb3b74ba7139b3a01986011389d02edc1fd59"
      },
      "reactive-overlays": {
        "git": "https://github.com/awatson1978/reactive-overlays.git",
        "branch": "master",
        "commit": "86ff67c20f92f5265541b6b21531ca258b23ead9"
      },
      "accounts-famous-dead-people": {
        "git": "https://github.com/awatson1978/accounts-famous-dead-people.git",
        "branch": "master",
        "commit": "5d9ce41b4fe6be2e6a8af1f5d06f122cda4de10f"
      }
    }
  }
}
