{
  "meteor": {
    "git": "https://github.com/meteor/meteor.git",
    "branch": "master",
    "commit": "1dfc7171f237a029cca74cbf25024acbf6ed5b75"
  },
  "dependencies": {
    "basePackages": {
      "audio-click": {
        "git": "https://github.com/awatson1978/audio-click.git",
        "branch": "master"
      },
      "fonts-barcode": {
        "git": "https://github.com/awatson1978/fonts-barcode.git",
        "branch": "master"
      },
      "fonts-handwritten": {
        "git": "https://github.com/awatson1978/fonts-handwritten.git",
        "branch": "master"
      },
      "fonts-helveticas": {
        "git": "https://github.com/awatson1978/fonts-helveticas.git",
        "branch": "master"
      },
      "fonts-pictographs": {
        "git": "https://github.com/awatson1978/fonts-pictographs.git",
        "branch": "master"
      },
      "hipaa-audit-log": {
        "git": "https://github.com/awatson1978/hipaa-audit-log.git",
        "branch": "master"
      },
      "reactive-overlays": {
        "git": "https://github.com/awatson1978/reactive-overlays.git",
        "branch": "master"
      },
      "cordova-phonegap": {
        "git": "https://github.com/awatson1978/cordova-phonegap.git",
        "branch": "master"
      }
    },
    "packages": {
      "audio-click": {
        "git": "https://github.com/awatson1978/audio-click.git",
        "branch": "master",
        "commit": "6eff5499a761785882774c4e8b940b2ea0a61eff"
      },
      "fonts-barcode": {
        "git": "https://github.com/awatson1978/fonts-barcode.git",
        "branch": "master",
        "commit": "7e67fb78e4c644e7bb7a2879309f8d7311f283db"
      },
      "fonts-handwritten": {
        "git": "https://github.com/awatson1978/fonts-handwritten.git",
        "branch": "master",
        "commit": "8f37bb36c1524b5638aedc191f6a6d003ecd93c7"
      },
      "fonts-helveticas": {
        "git": "https://github.com/awatson1978/fonts-helveticas.git",
        "branch": "master",
        "commit": "f8a2a09a32e4c69b016ecfd351de9ad9873c8220"
      },
      "fonts-pictographs": {
        "git": "https://github.com/awatson1978/fonts-pictographs.git",
        "branch": "master",
        "commit": "cb97a9a2728349ef866abaf4c416314ce45fcd87"
      },
      "hipaa-audit-log": {
        "git": "https://github.com/awatson1978/hipaa-audit-log.git",
        "branch": "master",
        "commit": "b6e901ad693360f4885b6c84410f87d6693c40c4"
      },
      "reactive-overlays": {
        "git": "https://github.com/awatson1978/reactive-overlays.git",
        "branch": "master",
        "commit": "23993dd05925e2ea608c9b4379610d4b4df70df8"
      },
      "cordova-phonegap": {
        "git": "https://github.com/awatson1978/cordova-phonegap.git",
        "branch": "master",
        "commit": "70a610e0574b4a4cc9b78872712a821034c83b6a"
      }
    }
  }
}
